{
  "nodes": {
    "crane": {
      "locked": {
        "lastModified": 1780029330,
        "narHash": "sha256-fWFKEKB5CP+NO8/3uOaEZIVbd03mvDJ//VsnKkXty08=",
        "owner": "ipetkov",
        "repo": "crane",
        "rev": "6823b493a0bc2142082075576efa6633b537197e",
        "type": "github"
      },
      "original": {
        "owner": "ipetkov",
        "repo": "crane",
        "type": "github"
      }
    },
    "nixpkgs": {
      "locked": {
        "lastModified": 1779560665,
        "narHash": "sha256-tpyBcxPpcQb8ukyNF7DoCwfSY3VPsxHoYwj00Cayv5o=",
        "owner": "NixOS",
        "repo": "nixpkgs",
        "rev": "64c08a7ca051951c8eae34e3e3cb1e202fe36786",
        "type": "github"
      },
      "original": {
        "owner": "NixOS",
        "ref": "nixos-unstable",
        "repo": "nixpkgs",
        "type": "github"
      }
    },
    "root": {
      "inputs": {
        "crane": "crane",
        "nixpkgs": "nixpkgs",
        "rust-overlay": "rust-overlay"
      }
    },
    "rust-overlay": {
      "inputs": {
        "nixpkgs": [
          "nixpkgs"
        ]
      },
      "locked": {
        "lastModified": 1780024773,
        "narHash": "sha256-aU9nlrS9S+IJ2EiCzsaxzOXUhggogqTrJojBicE6Oeg=",
        "owner": "oxalica",
        "repo": "rust-overlay",
        "rev": "40b0a3a193e0840c76174b4a322874c8f6dd0a63",
        "type": "github"
      },
      "original": {
        "owner": "oxalica",
        "repo": "rust-overlay",
        "type": "github"
      }
    }
  },
  "root": "root",
  "version": 7
}
