[container]
image = "docker.io/library/archlinux@sha256:0710015542f7006b2b3438fe8a169a39b00d3d53ea11d0cab83a2f1b22c3da28"

[[package]]
name = "autoconf"
version = "2.72-1"
system = "archlinux"
url = "https://archive.archlinux.org/packages/a/autoconf/autoconf-2.72-1-any.pkg.tar.zst"
sha256 = "44afcc89c89548bede040ae09e66ece236dc99202458bc22866bc3d490df4345"
signature = "iQEzBAABCAAdFiEEFRnVq6Zb9vwrc8dWek52CV2KUuQFAmWGljMACgkQek52CV2KUuQbygf7B2SreY/iyMTx8R5dcnzOvjSk8RdnfZ8S0SDQc1H0QhywKdLZgnjv8r5iG3idMIucaojX/9kBfGzJaVmysR6EVF1ZprdofzDHJzPj9glMVcswORtf2NQVwe3Jsuwckey0EWMaLjdJ4SjmLuF0yfIxiaTqqnDo5D6iHRmvug+yl5Axjy2sIbh6dLljZ+q+htnLaMGRVjNw8fi8vPbLYxZezb4f7bfvH/6J3cmsSsbW1qK+aHEgyQshNsC7i5W/P1yS7y3vfr76sNZeiU4jf4QVn/He3CNoiTlRHmPioAOCXLhguMNhXn8xwuX25/m5kh0zDczEragmyxOTvx0pLCJxbQ=="

[[package]]
name = "automake"
version = "1.18.1-1"
system = "archlinux"
url = "https://archive.archlinux.org/packages/a/automake/automake-1.18.1-1-any.pkg.tar.zst"
sha256 = "47416f72d0d579b391f9be5a55f5b3fa204a09097512b8179d6be5fa0527510a"
signature = "iQIzBAABCgAdFiEELjbYYgIhSC/EXLfyqRdkdZMmtEAFAmhyUegACgkQqRdkdZMmtEC8NhAAxwg8HSghrdU607+zttCZ3A5xIT63Yv0jQWvVghcvWaBInGu5MIQ+NsmzmptVTOM3/O+i5jDHs/DRYbHX05OSB1F0xkWr+0HwfkrrKsLolfMV7ZMb4NMU5saZQRcglbyXmj1CnNIrQIzjMWTyvVx7d+6tcleOqhvwiAchJrxqqWVAi/kFBTxzjcS2w161mVDwXKm18fsEjSa+RJex+ZnJknikn5Oo15OBShy7kQJroB1jZsKNREeWiaU2mMuCRGuF3DQCsr90lh2HPpti+yMyiM9u5lcPBWjwZ+CfJoRT0qYN6WJZivLV9heC5XAJpL4puL2SytRfQZAi/noQZiqYIvaGyUCmPp5qFw2TPBaKPw58ndf9IREV7dWqfyYhMD3phAnzZje+RYlJ4LZHgqVHBTIy326GbRyUYIIrVBJonXsE5G5Ln5MS6n3GcHUCQH/PkChuZeRthDVObdL2G0jZBhx7AAxkQKQY7LQE95ck3+xVUQ8Whj8n2o5qOE2MH/76f9bF/RhDbTnFbrET41NP1SNp7unnh9vCC6ReBni9Gr5YK3LmG2pFAJcLQs5XRNghoLC4dqppPXGk7p12N1dCldrAFEDvIQ88cRWo9z0wtDubRm553E1pWp8j4UR1n3Ssbsn8ZRW7TUxg5D8z38hY4G2GvA3+XUJmRE2N2CIB5Ls="

[[package]]
name = "base-devel"
version = "1-2"
system = "archlinux"
url = "https://archive.archlinux.org/packages/b/base-devel/base-devel-1-2-any.pkg.tar.zst"
sha256 = "412a2effe23751e1c11b2fa68155f1a29ecea5d9dc8ea8cef4e87b7b429d3201"
signature = "iQEzBAABCAAdFiEEFRnVq6Zb9vwrc8dWek52CV2KUuQFAmbbU1UACgkQek52CV2KUuTzwwf9FrpuaJtO918hiaCet5InIlNqtYoGLgg03Dil4rImul+W3EQPJMg7c7V0aG1dyN31TYehkhu9cKLmc//eiq4p/fKVqrFItDckHUndhIW1QklPbYpznDdHb3yvUc3SDGpzZsNgNTHNcHG3let+hNlREnOIyWOye8qFl35ESRGsUwfSLeA9p0g9YqIyLjg5X8WVnBc1UUQ9BJ4rkqrRpAMio0y3OTOldkg1KIG1b9F+Nn/XxYG1BJQS6uhTcgAk9z8m99jJ4JtLYZmgMlRgpPdo8jw9wbaZceaKUQhqHjI07yoAF6pL2YsIk22Vrhyv58oNCCVQ7Bw4146mQG+TEA6LTQ=="

[[package]]
name = "binutils"
version = "2.45+r29+g2b2e51a31ec7-1"
system = "archlinux"
url = "https://archive.archlinux.org/packages/b/binutils/binutils-2.45+r29+g2b2e51a31ec7-1-x86_64.pkg.tar.zst"
sha256 = "9b4e769969e6b659868466582179adf9fc51dcdd622561e8feb5feb393faab65"
signature = "iNUEABYKAH0WIQQFx3danouXdAf+COadTFqhVCbaCgUCaJyzVF8UgAAAAAAuAChpc3N1ZXItZnByQG5vdGF0aW9ucy5vcGVucGdwLmZpZnRoaG9yc2VtYW4ubmV0MDVDNzc3NUE5RThCOTc3NDA3RkUwOEU2OUQ0QzVBQTE1NDI2REEwQQAKCRCdTFqhVCbaCuAUAQDxsvXdPvY8+iaMBTGS8VC+fCzquULwmaHYltelv2vb5gD/TZ/2gh5J7JLH0XRu+BlhMYaV5gRaIiuEWUX1H2WkKAY="

[[package]]
name = "bison"
version = "3.8.2-8"
system = "archlinux"
url = "https://archive.archlinux.org/packages/b/bison/bison-3.8.2-8-x86_64.pkg.tar.zst"
sha256 = "417f8e94f7088e6de69cd36d7927d82988266f298e8d4fed3166abb13e971941"
signature = "iQEzBAABCAAdFiEEW34/txt/EDKaHAOrdx32Yn7faB8FAmbdxjMACgkQdx32Yn7faB+gsAf9HheGqI6dEUzf8y075T3idtwUw7aoNKV7VAJ9nh+Ur1sv8YouILlH2kVGDueivJAEunOM0l0rNqTD/IlWuWryYCDAytji8wcQu34Uofz+f+SoJYBblMt/YxoMBSWeTUYSQBHIRCTaeSmZHqlk4EsG03+UCDY2V5VSJX74sy34liykoXJHYyi/Lg28piStfHNv8qZdiUEtXkuXxwETyf2PlNA678BM1/D9t/CjgQ0uvqWv5lfKZfjloKIQ76JmBqeK5pMlDIPkMxuZTa4qHjGLdvLqz++yaAi/VsfwgAi0tOypBs560Oxm/lhhTt8Kb95/nRRDvzJstg5bpW0mU5W03A=="

[[package]]
name = "clang"
version = "20.1.8-1"
system = "archlinux"
url = "https://archive.archlinux.org/packages/c/clang/clang-20.1.8-1-x86_64.pkg.tar.zst"
sha256 = "77509d302f22642492c9b8723a5e43c4330f6939c9407c3800f16f1676d01545"
signature = "iHUEABYKAB0WIQQhkbiUMbrAqLlt6T0kR0DRfH/Q7AUCaHD2UgAKCRAkR0DRfH/Q7OmKAQDgYXuVlcvfgjqp5ZdxQS7H1dReGhiDGsYAC2bRRkgdPQD+PnP8QjEvnW86aw5pQZiBBTQTVdaq5ar4fmsfIFv7zgA="

[[package]]
name = "compiler-rt"
version = "20.1.8-1"
system = "archlinux"
url = "https://archive.archlinux.org/packages/c/compiler-rt/compiler-rt-20.1.8-1-x86_64.pkg.tar.zst"
sha256 = "ebb81292261ab45e0b86bff689f197439499461ff32b241a2611b133b8b6cf25"
signature = "iHUEABYKAB0WIQQhkbiUMbrAqLlt6T0kR0DRfH/Q7AUCaHDz+AAKCRAkR0DRfH/Q7FgaAQDwBLgz5RWg5FMV8rW65AzMk5+NeQNjMmDhqKU3EHAcbwD9F+WbuEV/eQAvgF2cXTDUvNe3+AdB2CVL43cj8mprpwA="

[[package]]
name = "db5.3"
version = "5.3.28-5"
system = "archlinux"
url = "https://archive.archlinux.org/packages/d/db5.3/db5.3-5.3.28-5-x86_64.pkg.tar.zst"
sha256 = "edb56c7d84c438b387a53ee414daff2611f62e4804ec8f2995e17b34437c0a4c"
signature = "iNUEABYKAH0WIQQFx3danouXdAf+COadTFqhVCbaCgUCZjJfkl8UgAAAAAAuAChpc3N1ZXItZnByQG5vdGF0aW9ucy5vcGVucGdwLmZpZnRoaG9yc2VtYW4ubmV0MDVDNzc3NUE5RThCOTc3NDA3RkUwOEU2OUQ0QzVBQTE1NDI2REEwQQAKCRCdTFqhVCbaCsm7AP0bbQgsaPHKPqJfVCfxYO6mXx1nil0GatmeIGwU8miQgAD/dye0wbQaVcEgF4Ev8KDbQt+djEaHgfQFtfj9C64Vrg8="

[[package]]
name = "debugedit"
version = "5.2-1"
system = "archlinux"
url = "https://archive.archlinux.org/packages/d/debugedit/debugedit-5.2-1-x86_64.pkg.tar.zst"
sha256 = "77704c3b800015b86455b5a60cf10174014fe24ba72f5c77b03b807c037884d7"
signature = "iQEzBAABCgAdFiEE5JnHn1PJalTlcv7hwGCGM3xQdz4FAmhr8+gACgkQwGCGM3xQdz5yIQf/a9Rmllv7ZCm41ZItDR2C82pxdetZ5nj/uNjoT0UUKOs7NsKmxpOq2HndCbZC2BkVpY309DDjNLDofYMrquQXTGlaJDbiHRS/cbcG25KbksjecIEF0+9oN6dyyIZ55pzzXx/1UrQ+rdhWdAXxSdkd3mDDJWFbCTepOivOcLoxdf5r8X3oVXFQAWeISqvPGW9nj0PQPyZJa9UVa0Ngh6FH34uZijaUeHmSYi1eR4VDmqD2seXQgQHvrVwcikW24RwgR6mvzMlDAQpN+Aa996MGf1O1nKoGr5FO9ZgfrLkAXkRNzHtGZc0cafK7jt3VmU2qr34bBawIwamMpyWLFq71UA=="

[[package]]
name = "diffutils"
version = "3.12-2"
system = "archlinux"
url = "https://archive.archlinux.org/packages/d/diffutils/diffutils-3.12-2-x86_64.pkg.tar.zst"
sha256 = "53830e09d46ceccde48a0fc1dcee026902e2a639a1b8a5e2a091d2a9d90b6967"
signature = "iHUEABYKAB0WIQQEKYl95fO9rFN6MGltQr3RFuAGjwUCaA1ZXAAKCRBtQr3RFuAGj2KAAP938hGKN9QY8gvzXKo0GuLn4/Eki9CdiOQbosJHYAwiyQD+LZDxWiNk0REKVmH+Aywj43zeCHl4pIT5ldayxUvuigM="

[[package]]
name = "fakeroot"
version = "1.37.1.2-1"
system = "archlinux"
url = "https://archive.archlinux.org/packages/f/fakeroot/fakeroot-1.37.1.2-1-x86_64.pkg.tar.zst"
sha256 = "27bd017d9e4438f508103a59877956643b85e705cff7050cc53d6a4dd7b9629b"
signature = "iHUEABYKAB0WIQQEKYl95fO9rFN6MGltQr3RFuAGjwUCaCLo8QAKCRBtQr3RFuAGj7VaAP94ieL0kzAp5weFTib57yV40gpMT5twAPH8GRwkznak9QD+IBmXpSslGnOcekifxOZyYOaQrqsHEu1gA14PwIYyjAo="

[[package]]
name = "flex"
version = "2.6.4-5"
system = "archlinux"
url = "https://archive.archlinux.org/packages/f/flex/flex-2.6.4-5-x86_64.pkg.tar.zst"
sha256 = "9fdee0b311ce967927006f523e537670d1be94deee52e0115902cf6087c59e25"
signature = "iHUEABYKAB0WIQSZH24/B2XPYpWIhYYTmwnaW/DTOAUCZBT4swAKCRATmwnaW/DTOAe6AP9Hc0Y7qxJ9R0TpmOMNCt3kGTpf0DgCJLFtvB1Z9GpWNwD+LaO3n32EBkF67B59HUL20yiDB/9aGq84WlyIx2HNLQ4="

[[package]]
name = "gc"
version = "8.2.8-2"
system = "archlinux"
url = "https://archive.archlinux.org/packages/g/gc/gc-8.2.8-2-x86_64.pkg.tar.zst"
sha256 = "c7b5e6816e7977a407e3f862b4ac51e7cf70e522c7fe1a72c2eca49431679712"
signature = "iNUEABYKAH0WIQQFx3danouXdAf+COadTFqhVCbaCgUCZt6oQl8UgAAAAAAuAChpc3N1ZXItZnByQG5vdGF0aW9ucy5vcGVucGdwLmZpZnRoaG9yc2VtYW4ubmV0MDVDNzc3NUE5RThCOTc3NDA3RkUwOEU2OUQ0QzVBQTE1NDI2REEwQQAKCRCdTFqhVCbaCp63AP4zSG9Ph/ey/7pYMn/RNiK9x1gv3SknQQ5dttHxVgc++QD/aXAHmlJ3i2x5kaqtv+bVKMTa80sF/S7X6DKJfQ+Q9Q4="

[[package]]
name = "gcc"
version = "15.2.1+r22+gc4e96a094636-1"
system = "archlinux"
url = "https://archive.archlinux.org/packages/g/gcc/gcc-15.2.1+r22+gc4e96a094636-1-x86_64.pkg.tar.zst"
sha256 = "fda9f88e73477e7201a7d8a012b949b1d0c53660b4598e2252930190598f7a05"
signature = "iNUEABYKAH0WIQQFx3danouXdAf+COadTFqhVCbaCgUCaJyzFV8UgAAAAAAuAChpc3N1ZXItZnByQG5vdGF0aW9ucy5vcGVucGdwLmZpZnRoaG9yc2VtYW4ubmV0MDVDNzc3NUE5RThCOTc3NDA3RkUwOEU2OUQ0QzVBQTE1NDI2REEwQQAKCRCdTFqhVCbaCtN8AP9GVil5dJ5FQ7GTYEH3KblDVoXX5Szl5Ihzbh0IJs+9hQEAl1ezL2qACtBZSZKeOqQzBtf/PHrDNdLQfwSTRvx6MwI="

[[package]]
name = "groff"
version = "1.23.0-7"
system = "archlinux"
url = "https://archive.archlinux.org/packages/g/groff/groff-1.23.0-7-x86_64.pkg.tar.zst"
sha256 = "374fef7746a4d372ef2da8773769ee6c669382ac79bd73aedc8bafebaf366ffe"
signature = "iQEzBAABCAAdFiEEW34/txt/EDKaHAOrdx32Yn7faB8FAmbO3vMACgkQdx32Yn7faB8DpAf/QfP9dLwkmAjhL7EMveSrAOpRV8a/4FmiPAl6Hm6+t3FLtFxJDfShD0SpHoR0y9WULqHJrl6ikDaX8OwPySqt1CNggq+RDplzaZDCE6N8uV+heHO4ol1qd9MaToMRYOPHZKNDmcMIbvAVGO4DfdKFfq3fxH/R8HtSh3VwhEJzPIT2R+kHGCzwISrsgDTJiIZy3wWVCh5K1/wupS/o6FdH777ZjfbAYodEdg3lZcsdzvX5F3XJ3+wO1cBDsx84VjxCPaCeBVMtqqTZRBZ2t0owBJSJua7dSIKlCI2BE8SCmcwZHignGf5SlnlNnVgM3ZdvW38NqxmngQjbmYj29dCo6Q=="

[[package]]
name = "guile"
version = "3.0.10-1"
system = "archlinux"
url = "https://archive.archlinux.org/packages/g/guile/guile-3.0.10-1-x86_64.pkg.tar.zst"
sha256 = "bf4d1b474045a88c7ad97b1ce56e8dd5786e5a10de02a8d33dc8f041edc8d01d"
signature = "iNUEABYKAH0WIQQFx3danouXdAf+COadTFqhVCbaCgUCZnkshF8UgAAAAAAuAChpc3N1ZXItZnByQG5vdGF0aW9ucy5vcGVucGdwLmZpZnRoaG9yc2VtYW4ubmV0MDVDNzc3NUE5RThCOTc3NDA3RkUwOEU2OUQ0QzVBQTE1NDI2REEwQQAKCRCdTFqhVCbaCruHAQDnjJsHGhq4cae34rHS1z+Hr6yzjVQSxvA6SE9XpredlAD/cstobLSMUsHswxf5df94XkoDPJdJs44uXE/iu9gsgQg="

[[package]]
name = "jansson"
version = "2.14.1-1"
system = "archlinux"
url = "https://archive.archlinux.org/packages/j/jansson/jansson-2.14.1-1-x86_64.pkg.tar.zst"
sha256 = "18bcb1ca84cf1a59a09d8237d379ceed73acaa1c50ab7a3339800ff665a2f230"
signature = "iNUEABYKAH0WIQQFx3danouXdAf+COadTFqhVCbaCgUCZ+RdUF8UgAAAAAAuAChpc3N1ZXItZnByQG5vdGF0aW9ucy5vcGVucGdwLmZpZnRoaG9yc2VtYW4ubmV0MDVDNzc3NUE5RThCOTc3NDA3RkUwOEU2OUQ0QzVBQTE1NDI2REEwQQAKCRCdTFqhVCbaCj9MAQDhsiYeCDjvXoHp2TSRinf8gW+FDlRk53V/gtTpqofDhgEAj9NTp35ZhpycEzbbofVyGw95ZAwHVIEHLZ9jhRGHkA4="

[[package]]
name = "libedit"
version = "20250104_3.1-1"
system = "archlinux"
url = "https://archive.archlinux.org/packages/l/libedit/libedit-20250104_3.1-1-x86_64.pkg.tar.zst"
sha256 = "9b4167ade67f899d5f4d1e0d3e8e8f18b5edfdd076f5aeffd100cb3093117987"
signature = "iQEzBAABCAAdFiEEW34/txt/EDKaHAOrdx32Yn7faB8FAme8RWMACgkQdx32Yn7faB9bnQf+N2KYErONnv0FLvqScucx7dhD+DNMqRFEEruhqsnAtP9KZzRePYMys6Uhn4TlIysatDnz6qy2UMeXuLOKDAYXMz4M37lfRT6YsBzbNj93FQlVrfelM/ap6U3vGBnHUVv8zqPoI6SgF+qqRuDJtoE3DR6TiiHgYm2oHRR/0NwF9S3hxqVkc+Ebmz7VTTlXW0x/g2uOKRqPyJR17GCuVrRWW/B0eIYrNIVVTE9jcMVKC5Uil+OAYd1bPoTQRgolw/Vp13QnHyUC4u8OwM3yl1b3CWjdRkwz7ImS+K5aF6z9/bUGzPwM1WmPkiz4TNeYHqxnKAQ9GnSLZOJBv1rMl3mI+g=="

[[package]]
name = "libisl"
version = "0.27-1"
system = "archlinux"
url = "https://archive.archlinux.org/packages/l/libisl/libisl-0.27-1-x86_64.pkg.tar.zst"
sha256 = "55a36e8195e6d9ce2efeb4276c60df6b6e7d94812fa36f8423d5ce664a5d34df"
signature = "iNUEABYKAH0WIQQFx3danouXdAf+COadTFqhVCbaCgUCZtWJeV8UgAAAAAAuAChpc3N1ZXItZnByQG5vdGF0aW9ucy5vcGVucGdwLmZpZnRoaG9yc2VtYW4ubmV0MDVDNzc3NUE5RThCOTc3NDA3RkUwOEU2OUQ0QzVBQTE1NDI2REEwQQAKCRCdTFqhVCbaCgPbAP9GNpnE0ra4qZOGYyJtfnyG42f8Z9dLpX21F/sY/a2UCgD/dz8x7harwjTofWctVHyyCacJsLhSq2jvSfrvvL4H/w8="

[[package]]
name = "libmpc"
version = "1.3.1-2"
system = "archlinux"
url = "https://archive.archlinux.org/packages/l/libmpc/libmpc-1.3.1-2-x86_64.pkg.tar.zst"
sha256 = "10554706eb15ed2186fbd55fd5db8fa5919788ac9a75d26c0b9ef5bdfca9d470"
signature = "iQEzBAABCAAdFiEEFRnVq6Zb9vwrc8dWek52CV2KUuQFAmaHCZwACgkQek52CV2KUuRjbAf/TmL9cCMXYTGsNmR2om6kT7XjczfZoFR9AM0FSTUNy5AuNZNUUCfm6ie6F4rFwHc3nETOSojScOZauZlcNiLrVriHYYFSZ8EhKiCJCo68a7KTbceBNoBuT6AEIpGMpIMti/cvWhu8VXl5JIRo8LNPBzDih05aCDUJ2nayKPYNHalDayu87sDXzJYXuzC8KD7XmUa7Kirn0ZpA4VZXc8CUjYYvn0wvRwLKQP4WMpszxmblQWjMVbQxh7dwC+gPtqIANVjoGKMRfr6QpT03XXIEaTBKbMsxeYFvwn+y2JN30t6oFI6LJADZ22VwimEzu06u+x9c+3+pr4k7Py43OCOGmg=="

[[package]]
name = "libtool"
version = "2.5.4+r62+g6389dce8-1"
system = "archlinux"
url = "https://archive.archlinux.org/packages/l/libtool/libtool-2.5.4+r62+g6389dce8-1-x86_64.pkg.tar.zst"
sha256 = "e4aa6fa8364a4974804f24918c89a63b5ca356a035216d58cae0a673df71df59"
signature = "iNUEABYKAH0WIQQFx3danouXdAf+COadTFqhVCbaCgUCaJzA4l8UgAAAAAAuAChpc3N1ZXItZnByQG5vdGF0aW9ucy5vcGVucGdwLmZpZnRoaG9yc2VtYW4ubmV0MDVDNzc3NUE5RThCOTc3NDA3RkUwOEU2OUQ0QzVBQTE1NDI2REEwQQAKCRCdTFqhVCbaCiveAQCqyG6/7wxz9r/jCRtFuVzIOLlUzOsNyJ6GS3h2vADwAwEAu9+clcghHkhbId7PuW5oxDp9rruBGCU3tmIfyhInvQI="

[[package]]
name = "llvm-libs"
version = "20.1.8-1"
system = "archlinux"
url = "https://archive.archlinux.org/packages/l/llvm-libs/llvm-libs-20.1.8-1-x86_64.pkg.tar.zst"
sha256 = "710e552406edbc6badab91a2ce47bb12a6c3ebf85758448d953211be7d610486"
signature = "iHUEABYKAB0WIQQhkbiUMbrAqLlt6T0kR0DRfH/Q7AUCaHDyPwAKCRAkR0DRfH/Q7C//AP0QZI74leY5F/0H7cGtB6zCumtdRfW/cRMtybHzUfyRDAEA6KPlQheFLXQKNCHTp0LrrzIh/vk0n1a+iQnNZ7td8wc="

[[package]]
name = "m4"
version = "1.4.20-1"
system = "archlinux"
url = "https://archive.archlinux.org/packages/m/m4/m4-1.4.20-1-x86_64.pkg.tar.zst"
sha256 = "f167fcea6d3680c811ab740913061025c96f75ac1d8cf2dabcac11ccf7262532"
signature = "iQIzBAABCgAdFiEELjbYYgIhSC/EXLfyqRdkdZMmtEAFAmggrQ8ACgkQqRdkdZMmtECeDRAAhNqNoSW0KKCxp9aGeC58LssPxMyMnE1Cx4a5cs6sIiXP0JLK8p7opUydKBn3xGk3yCcoNyayixeI56SDjzzieUZJGHa0EQL8hytQF6jnD82lUpymbMbvqnoStV/D+g/92yrxBPS+Om+JL2g1IUloymHlKoYWnso0jO2lq5DxKKqG0JtrqZkPl6QiOjhRbxIk3prNoixgg01FUPVSibaD6zO1tiqs8+K0IN2xOy0IqsT2mTwQjPu9ABebfcILDBcL/zQ36og/kqRKgRKGLxPlKq1H8u/rVx6Z+jKlfxiG66TVte/8CazjxzFQrEqJSqOlGL3e1UbrMFxb4+sdRJGFViqeONgqOMpb9bWkvNqigIxEvFRqczAcBaterXYziLgU8IZ2kFpDhExiymrRF4sUs7mPSmTOHXfxd3/qcJxDnMgh07NAxUexhCbhpDXIbuwiZ7fOFFmYUwold3+wMkUd+WihtddP7TuvLddWVZxMjDl6P4O6plQkLBVPSFkjgVcLRUeoVSboA8MapglUNyYnftcFZgWkHwXKwWAwbFJHW9Ej9pam7FymI7lDGBvZAfgi50HQ8VAnoWWlHRHAjLm2enuUNk+gvgc1laP7Uovo1IKpDO0Pv4eYnraYEdSaQ9oHQSYcr8ywmQb1XqB6gYYe48Gce7o0pMw+40wFEn9CoPs="

[[package]]
name = "make"
version = "4.4.1-2"
system = "archlinux"
url = "https://archive.archlinux.org/packages/m/make/make-4.4.1-2-x86_64.pkg.tar.zst"
sha256 = "7c1bc0d882f7c8d1bcb305eb7efaabc19ed6afa5a9a443575fa0d5ed57985535"
signature = "iHUEABYKAB0WIQSZH24/B2XPYpWIhYYTmwnaW/DTOAUCZBT0lQAKCRATmwnaW/DTOKwJAP9/kfT3rO0NhbD8wuI6ajzjyKtrl4SfuU0yu/PKByXQOgD/aYSvsyXylJhCadU2smO4LbP2Vj9fnIvEwPvbXbesVQ0="

[[package]]
name = "openssl"
version = "3.5.2-1"
system = "archlinux"
url = "https://archive.archlinux.org/packages/o/openssl/openssl-3.5.2-1-x86_64.pkg.tar.zst"
sha256 = "5fa821ee2b8e1db38946acc1cbda8700eea8e8b59255dac5681198828c342d0d"
signature = "iHUEABYKAB0WIQQ+gMoai4n2nLpX2Yp2pe+QVESaXAUCaJJJjAAKCRB2pe+QVESaXIpUAP9XD4b1KDDMNoTVJ4NWo+DYeP3kNBmSuYCbcUHDim/pVwD/f95cWWuW8Lej+aV5b4FYDsVunrhuUzQ4I4f9EZqCegk="

[[package]]
name = "patch"
version = "2.8-1"
system = "archlinux"
url = "https://archive.archlinux.org/packages/p/patch/patch-2.8-1-x86_64.pkg.tar.zst"
sha256 = "b4685fc56dfc18afb754f64099b82396885fefe43e82f20b37477650f642303c"
signature = "iHUEABYKAB0WIQQEKYl95fO9rFN6MGltQr3RFuAGjwUCZ/55+wAKCRBtQr3RFuAGjzZbAQDBFX4NKBH2mT/8bXuxNozNSETtXX1s6lzYkuyY4sT/HQD/WOdExOO+9mgEhcFTy/wg6HPhN3sQp36xzj2bK1oRJAY="

[[package]]
name = "perl"
version = "5.42.0-1"
system = "archlinux"
url = "https://archive.archlinux.org/packages/p/perl/perl-5.42.0-1-x86_64.pkg.tar.zst"
sha256 = "deeb19367d70758fe9b9222321e6b753ffb918b252a7ced7807d40e886226c35"
signature = "iQEzBAABCgAdFiEEFRnVq6Zb9vwrc8dWek52CV2KUuQFAmhz5lcACgkQek52CV2KUuS0uQf9FjQZEqNkTm8Q9GUsMqnN+6IBYFhffBqI2qtmCZ7rqQoMbjZZKuWwz+Xvhk4rbQgkBfLNqrAg5xDVhV/cI+1YoR01ZiPms3zar8EmlYvHuIB0RLdOq4j8Q4UcDmrylUM+fvTxWKiraw5eFw84VY6HUIc9/yJKV642gjSrXX10vgGWfjqHnZcLxBGO4kjDwhfk5MhSq7sxoGeoXcEkos9SiRFqBjm+vHFknAhBYrNYh3TQHZObbos36U0EfGvoDIyh7fdTlFdOpvQmWyw0LyDiws/9fTSrktQYY+O5/nMeN4/uAcwdXDwM3GJZwgxqFMLtavjngFzO3lFaiJdWSZhe0A=="

[[package]]
name = "pkgconf"
version = "2.5.1-1"
system = "archlinux"
url = "https://archive.archlinux.org/packages/p/pkgconf/pkgconf-2.5.1-1-x86_64.pkg.tar.zst"
sha256 = "8c56b6f08ea227881a6cad0d42b039175108923fb002957a4e5e09ace4d931fc"
signature = "iHUEABYKAB0WIQSDvIiJNRtd67toQW64rAhgDxCM3wUCaFtZ9wAKCRC4rAhgDxCM3xHGAQDS2C7ZW44styElA0EC9BsoteJSZI/NhjjsUX/k+tmgvQEAnw7SBfr2ePuMboE92vnKntOpZZ3mlNr6s0CZtpi3VAU="

[[package]]
name = "rustup"
version = "1.28.2-3"
system = "archlinux"
url = "https://archive.archlinux.org/packages/r/rustup/rustup-1.28.2-3-x86_64.pkg.tar.zst"
sha256 = "86cf89d259f80ba4b785f2439dbb732051b416e3610ff3e629f0b308f77732b1"
signature = "iQIzBAABCgAdFiEEBNw/sURf7KgTwn766k97MhqQatkFAmhsAXQACgkQ6k97MhqQatkkPRAAkZFQi3/nZ9ElcJYia2BfxMCGLxDf6reUtVgL8HHbZ6FqBmhjAoPn1hhrGBGPI0z4TgCAw284gZQ1XF7os+NJ7bbHKrDWDqjREgsBqeP8J6CAYPUNJ3BE8Bb2IOSa3EUohzKRwvTMPCBXqnhAj3nLNi76Kd4Hni8kGPfqja2pQHg3JUhZ3l/Y59gj10jgWrKGD0+UHwbsN45r/SKZKAFll0PKXCTY57VmaXATY5AnkBCDkIFFquz17thAkHmKhAEcLmD3Hc+uwHP4RurNyVAaw3ex1GUuDk/behcXRgTQQ0PsniOGybPMcUD9u8urchRGef31LvP+K2JVUWkl6f90hWVTQ71NYiRI80PYEOGnsfjiApF9spSmBUuddwnNMPFgmvEHNUQp8Tlf9ufVjzshLQ4zta/6JBAKUbi02Oxwg7VM0h9WtjwhBTVmHdizhDinrs3DpYN9+HI9RtBAYmNcHWAw7Jxe0cA7RNwQaObi2iugGaRCWDZfuHJI8+uwAlrIF23978djHRKGIB1+yY3lYqFMOZSy00a3zU3x+A0dTF3GxNyspTly4Vn2O4cgF1QSl5I2GriyF+mMauJ5RiBZUHWkvW6bnLtfHd2/6PaeuSt2OwtnKONMrpFsnF5H21q1RFdeaFphJZhxpoZjw746LoaKYZGyVscg6Xv8z8w9U7c="

[[package]]
name = "sudo"
version = "1.9.17.p1-1"
system = "archlinux"
url = "https://archive.archlinux.org/packages/s/sudo/sudo-1.9.17.p1-1-x86_64.pkg.tar.zst"
sha256 = "d1b0d535100fed42c9b3bf57e1b3565b0d3ca166c2d6e93e32230ee0776b72ae"
signature = "iQIzBAABCgAdFiEE4kC1fixGMLp2ji8m/BtUfI2BcsgFAmhiuzIACgkQ/BtUfI2Bcsg2Zg/+LhCEwLWWj7DCJPKVDGbiLSWNk4jKzrbJQv+m+CgnELg1rPscg2DIpL4O2NldOXxcqAVwBzdF1S4jmc6S1I1D+1yekWKpl39ywWYP4AtqNdBqe4odanmwEL1aWWNYrN6mJe1Jk4lfCqIvLdmqmlCu400aouenA0iEZA/yd0qp2U0vtlptczB7F+Vx/P2lHIq/gkIuU73IvOlQG6AgZ/S0dhH3BqcrFWVS4TcMSQ3L/4C2ol8ubq7jiXv/xYBvEDxkJO4Tvsr0Yx2n2Qyzif0cx6YLO26iZYBP8mR67+fbuk2b5BcX2draI7g83han7jnPmf39YNax1HsagFDc6guySRrMflL0aNumz5pF3vhesYQaP0AH3AdqDN4n6bdJKg/YTIgKy7rlkYTiN3ieTMUOZDJt+aDR8pySouGQO//Gw2JBqqxfAOqHFqM2pY8qjkrqNih2FjJVTWOFb7CznyKpKjS5F3OWHnNZU4FdWjzWr89VC59IpJLN/d+yfip+AqwOiH82wADq6i09m0QJ1//JtMeKhhybmnUUWDNBm6XA0e/MafMsQL6O4FDzNrii/XgOW+TGZ9QvUi7Am1jwQYZqEBMn6rMQ0wGD6NmKam4RGQ7t4SpGX4u/ogD+F9+/qYodmwp8JjTY7NvZrF+Y3/gIGchVCOi/VtN6ApPoDyaWhwY="

[[package]]
name = "texinfo"
version = "7.2-1"
system = "archlinux"
url = "https://archive.archlinux.org/packages/t/texinfo/texinfo-7.2-1-x86_64.pkg.tar.zst"
sha256 = "1d15037be4d484961356cb755745e29dcbc86dc35e3a6c78eea568b808a63051"
signature = "iNUEABYKAH0WIQQFx3danouXdAf+COadTFqhVCbaCgUCZ2/6yF8UgAAAAAAuAChpc3N1ZXItZnByQG5vdGF0aW9ucy5vcGVucGdwLmZpZnRoaG9yc2VtYW4ubmV0MDVDNzc3NUE5RThCOTc3NDA3RkUwOEU2OUQ0QzVBQTE1NDI2REEwQQAKCRCdTFqhVCbaCh5ZAQCajd/Tu35o/AwK2rnOopGVOIHScybz8d90RSeQB/Q1iQEAkK2hY/AVRt7oC8NpDcFYjhbJmTedBfOFMJtrL3jxhg4="

[[package]]
name = "which"
version = "2.23-1"
system = "archlinux"
url = "https://archive.archlinux.org/packages/w/which/which-2.23-1-x86_64.pkg.tar.zst"
sha256 = "230ef63f1e2e8aa8ede4d4cc8f62f13572b164c66e85cca3b48eb5aaf2c8e7be"
signature = "iQEzBAABCAAdFiEEW34/txt/EDKaHAOrdx32Yn7faB8FAme8OIgACgkQdx32Yn7faB+41Af/a8BSIS2gO9LVZnTWgDEUn/nFsYXGNqvQzKOOjPgB0qjdDT1JivKb5xRoB8rtFiDKfr3JsvgnAKRwxDvmiqgEs1l/FleJYfDq70HFgK10GResHmesehzglAmgXHOKAc+R46MMS6y/cO5z21oXVvVV3B46cRZ8E4z8LFncXwCFvVnroexlBOpHYX+aQxaNFclJMQ6CVBNP1e29pt9fBWpmyftFtC0WIMg87akTIy2OaWAEpItIZ69oGGT2pcmAUfeCSARs5eNqAs7uQmeC2kWWHykdIKDvAtaCRVaXK8HlW6ZS7Qu7uJbcTzMcchvSH+wc23cCTCxvVoesyuZ5LI01cA=="

[[package]]
name = "xxhash"
version = "0.8.3-1"
system = "archlinux"
url = "https://archive.archlinux.org/packages/x/xxhash/xxhash-0.8.3-1-x86_64.pkg.tar.zst"
sha256 = "3d48ff40b744aa4503cd5638f620c2c39a12d27967d1db3ab46bf18ff4b2fd80"
signature = "iHUEABYKAB0WIQQEKYl95fO9rFN6MGltQr3RFuAGjwUCZ3uFxwAKCRBtQr3RFuAGj1VgAPwJlDvjkpnQajt5XJE5MDQ0BCDwITRrE43/PNL1X6kXqQD8CyNRjhwoX4QoDotptG6EdGCWaQiY4eSZt6KhTmyzvww="
